
Microsoft Visual Studio Solution File, Format Version 12.00
# Visual Studio Version 16
VisualStudioVersion = 16.0.29519.181
MinimumVisualStudioVersion = 10.0.40219.1
Project("{FAE04EC0-301F-11D3-BF4B-00C04F79EFBC}") = "ConsoleAppInterfaces", "ConsoleAppInterfaces\ConsoleAppInterfaces.csproj", "{A5581C90-5D20-412D-8BA8-C0824F8402EE}"
EndProject
Global
	GlobalSection(SolutionConfigurationPlatforms) = preSolution
		Debug|Any CPU = Debug|Any CPU
		Release|Any CPU = Release|Any CPU
	EndGlobalSection
	GlobalSection(ProjectConfigurationPlatforms) = postSolution
		{A5581C90-5D20-412D-8BA8-C0824F8402EE}.Debug|Any CPU.ActiveCfg = Debug|Any CPU
		{A5581C90-5D20-412D-8BA8-C0824F8402EE}.Debug|Any CPU.Build.0 = Debug|Any CPU
		{A5581C90-5D20-412D-8BA8-C0824F8402EE}.Release|Any CPU.ActiveCfg = Release|Any CPU
		{A5581C90-5D20-412D-8BA8-C0824F8402EE}.Release|Any CPU.Build.0 = Release|Any CPU
	EndGlobalSection
	GlobalSection(SolutionProperties) = preSolution
		HideSolutionNode = FALSE
	EndGlobalSection
	GlobalSection(ExtensibilityGlobals) = postSolution
		SolutionGuid = {65A19E68-FA27-4D16-858F-B71B95614438}
	EndGlobalSection
EndGlobal
